// !$*UTF8*$!
{
	archiveVersion = 1;
	classes = {
	};
	objectVersion = 46;
	objects = {

/* Begin PBXBuildFile section */
		01E3FC251BE92C7600187536 /* AppDelegate.swift in Sources */ = {isa = PBXBuildFile; fileRef = 01E3FC241BE92C7600187536 /* AppDelegate.swift */; };
		01E3FC2A1BE92C7600187536 /* Main.storyboard in Resources */ = {isa = PBXBuildFile; fileRef = 01E3FC281BE92C7600187536 /* Main.storyboard */; };
		01E3FC2C1BE92C7600187536 /* Assets.xcassets in Resources */ = {isa = PBXBuildFile; fileRef = 01E3FC2B1BE92C7600187536 /* Assets.xcassets */; };
		01E3FC2F1BE92C7600187536 /* LaunchScreen.storyboard in Resources */ = {isa = PBXBuildFile; fileRef = 01E3FC2D1BE92C7600187536 /* LaunchScreen.storyboard */; };
		01E3FC3A1BE92C7700187536 /* TimelineTests.swift in Sources */ = {isa = PBXBuildFile; fileRef = 01E3FC391BE92C7700187536 /* TimelineTests.swift */; };
		01E3FC451BE92C7700187536 /* TimelineUITests.swift in Sources */ = {isa = PBXBuildFile; fileRef = 01E3FC441BE92C7700187536 /* TimelineUITests.swift */; };
		7451CCD11C7CF9D300AF6C37 /* TimelineTableViewController.swift in Sources */ = {isa = PBXBuildFile; fileRef = 7451CCD01C7CF9D300AF6C37 /* TimelineTableViewController.swift */; };
		7451CCD31C7CFA7000AF6C37 /* PostDetailTableViewController.swift in Sources */ = {isa = PBXBuildFile; fileRef = 7451CCD21C7CFA7000AF6C37 /* PostDetailTableViewController.swift */; };
		7451CCD51C7CFC7A00AF6C37 /* UserSearchTableViewController.swift in Sources */ = {isa = PBXBuildFile; fileRef = 7451CCD41C7CFC7A00AF6C37 /* UserSearchTableViewController.swift */; };
		7451CCD71C7CFEB700AF6C37 /* ProfileViewController.swift in Sources */ = {isa = PBXBuildFile; fileRef = 7451CCD61C7CFEB700AF6C37 /* ProfileViewController.swift */; };
		7451CCD91C7D004F00AF6C37 /* AddPhotoTableViewController.swift in Sources */ = {isa = PBXBuildFile; fileRef = 7451CCD81C7D004F00AF6C37 /* AddPhotoTableViewController.swift */; };
		7451CCDB1C7D024E00AF6C37 /* LoginSignUpChoiceViewController.swift in Sources */ = {isa = PBXBuildFile; fileRef = 7451CCDA1C7D024E00AF6C37 /* LoginSignUpChoiceViewController.swift */; };
		7451CCDD1C7D033000AF6C37 /* LoginSignUpViewController.swift in Sources */ = {isa = PBXBuildFile; fileRef = 7451CCDC1C7D033000AF6C37 /* LoginSignUpViewController.swift */; };
		7451CCDF1C7D037300AF6C37 /* User.swift in Sources */ = {isa = PBXBuildFile; fileRef = 7451CCDE1C7D037300AF6C37 /* User.swift */; };
		7451CCE11C7D059B00AF6C37 /* Comment.swift in Sources */ = {isa = PBXBuildFile; fileRef = 7451CCE01C7D059B00AF6C37 /* Comment.swift */; };
		7451CCE31C7D070A00AF6C37 /* Like.swift in Sources */ = {isa = PBXBuildFile; fileRef = 7451CCE21C7D070A00AF6C37 /* Like.swift */; };
		7451CCE51C7D07F200AF6C37 /* Post.swift in Sources */ = {isa = PBXBuildFile; fileRef = 7451CCE41C7D07F200AF6C37 /* Post.swift */; };
		7451CCE91C7D0A5800AF6C37 /* UserController.swift in Sources */ = {isa = PBXBuildFile; fileRef = 7451CCE81C7D0A5800AF6C37 /* UserController.swift */; };
		7451CCEB1C7D13CE00AF6C37 /* PostController.swift in Sources */ = {isa = PBXBuildFile; fileRef = 7451CCEA1C7D13CE00AF6C37 /* PostController.swift */; };
		7451CCED1C7D19EA00AF6C37 /* ImageController.swift in Sources */ = {isa = PBXBuildFile; fileRef = 7451CCEC1C7D19EA00AF6C37 /* ImageController.swift */; };
		7451CD741C7EAAD000AF6C37 /* UserSearchResultsTableViewController.swift in Sources */ = {isa = PBXBuildFile; fileRef = 7451CD731C7EAAD000AF6C37 /* UserSearchResultsTableViewController.swift */; };
		7451CDEE1C7FAA0400AF6C37 /* ProfileHeaderCollectionReusableView.swift in Sources */ = {isa = PBXBuildFile; fileRef = 7451CDED1C7FAA0400AF6C37 /* ProfileHeaderCollectionReusableView.swift */; };
		7451CDF01C7FBDC300AF6C37 /* ImageCollectionViewCell.swift in Sources */ = {isa = PBXBuildFile; fileRef = 7451CDEF1C7FBDC300AF6C37 /* ImageCollectionViewCell.swift */; };
		7451CE2C1C810EA700AF6C37 /* PostTableViewCell.swift in Sources */ = {isa = PBXBuildFile; fileRef = 7451CE2B1C810EA700AF6C37 /* PostTableViewCell.swift */; };
		7451CEDF1C84FA9000AF6C37 /* Firebase.framework in Frameworks */ = {isa = PBXBuildFile; fileRef = 7451CEDD1C84F7FA00AF6C37 /* Firebase.framework */; };
		7451CEE01C84FA9000AF6C37 /* Firebase.framework in Embed Frameworks */ = {isa = PBXBuildFile; fileRef = 7451CEDD1C84F7FA00AF6C37 /* Firebase.framework */; settings = {ATTRIBUTES = (CodeSignOnCopy, RemoveHeadersOnCopy, ); }; };
		7451CEE31C84FAAB00AF6C37 /* libicucore.tbd in Frameworks */ = {isa = PBXBuildFile; fileRef = 7451CEE21C84FAAB00AF6C37 /* libicucore.tbd */; };
		7451CEE51C84FAB200AF6C37 /* CFNetwork.framework in Frameworks */ = {isa = PBXBuildFile; fileRef = 7451CEE41C84FAB200AF6C37 /* CFNetwork.framework */; };
		7451CEE71C84FABB00AF6C37 /* Security.framework in Frameworks */ = {isa = PBXBuildFile; fileRef = 7451CEE61C84FABB00AF6C37 /* Security.framework */; };
		7451CEE91C84FAC200AF6C37 /* SystemConfiguration.framework in Frameworks */ = {isa = PBXBuildFile; fileRef = 7451CEE81C84FAC200AF6C37 /* SystemConfiguration.framework */; };
		7451CEEB1C84FACD00AF6C37 /* libc++.tbd in Frameworks */ = {isa = PBXBuildFile; fileRef = 7451CEEA1C84FACD00AF6C37 /* libc++.tbd */; };
		7451CEEE1C84FC6D00AF6C37 /* FirebaseController.swift in Sources */ = {isa = PBXBuildFile; fileRef = 7451CEED1C84FC6D00AF6C37 /* FirebaseController.swift */; };
/* End PBXBuildFile section */

/* Begin PBXContainerItemProxy section */
		01E3FC361BE92C7700187536 /* PBXContainerItemProxy */ = {
			isa = PBXContainerItemProxy;
			containerPortal = 01E3FC191BE92C7600187536 /* Project object */;
			proxyType = 1;
			remoteGlobalIDString = 01E3FC201BE92C7600187536;
			remoteInfo = Timeline;
		};
		01E3FC411BE92C7700187536 /* PBXContainerItemProxy */ = {
			isa = PBXContainerItemProxy;
			containerPortal = 01E3FC191BE92C7600187536 /* Project object */;
			proxyType = 1;
			remoteGlobalIDString = 01E3FC201BE92C7600187536;
			remoteInfo = Timeline;
		};
/* End PBXContainerItemProxy section */

/* Begin PBXCopyFilesBuildPhase section */
		7451CEE11C84FA9000AF6C37 /* Embed Frameworks */ = {
			isa = PBXCopyFilesBuildPhase;
			buildActionMask = 2147483647;
			dstPath = "";
			dstSubfolderSpec = 10;
			files = (
				7451CEE01C84FA9000AF6C37 /* Firebase.framework in Embed Frameworks */,
			);
			name = "Embed Frameworks";
			runOnlyForDeploymentPostprocessing = 0;
		};
/* End PBXCopyFilesBuildPhase section */

/* Begin PBXFileReference section */
		01E3FC211BE92C7600187536 /* Timeline.app */ = {isa = PBXFileReference; explicitFileType = wrapper.application; includeInIndex = 0; path = Timeline.app; sourceTree = BUILT_PRODUCTS_DIR; };
		01E3FC241BE92C7600187536 /* AppDelegate.swift */ = {isa = PBXFileReference; lastKnownFileType = sourcecode.swift; path = AppDelegate.swift; sourceTree = "<group>"; };
		01E3FC291BE92C7600187536 /* Base */ = {isa = PBXFileReference; lastKnownFileType = file.storyboard; name = Base; path = Base.lproj/Main.storyboard; sourceTree = "<group>"; };
		01E3FC2B1BE92C7600187536 /* Assets.xcassets */ = {isa = PBXFileReference; lastKnownFileType = folder.assetcatalog; path = Assets.xcassets; sourceTree = "<group>"; };
		01E3FC2E1BE92C7600187536 /* Base */ = {isa = PBXFileReference; lastKnownFileType = file.storyboard; name = Base; path = Base.lproj/LaunchScreen.storyboard; sourceTree = "<group>"; };
		01E3FC301BE92C7600187536 /* Info.plist */ = {isa = PBXFileReference; lastKnownFileType = text.plist.xml; path = Info.plist; sourceTree = "<group>"; };
		01E3FC351BE92C7700187536 /* TimelineTests.xctest */ = {isa = PBXFileReference; explicitFileType = wrapper.cfbundle; includeInIndex = 0; path = TimelineTests.xctest; sourceTree = BUILT_PRODUCTS_DIR; };
		01E3FC391BE92C7700187536 /* TimelineTests.swift */ = {isa = PBXFileReference; lastKnownFileType = sourcecode.swift; path = TimelineTests.swift; sourceTree = "<group>"; };
		01E3FC3B1BE92C7700187536 /* Info.plist */ = {isa = PBXFileReference; lastKnownFileType = text.plist.xml; path = Info.plist; sourceTree = "<group>"; };
		01E3FC401BE92C7700187536 /* TimelineUITests.xctest */ = {isa = PBXFileReference; explicitFileType = wrapper.cfbundle; includeInIndex = 0; path = TimelineUITests.xctest; sourceTree = BUILT_PRODUCTS_DIR; };
		01E3FC441BE92C7700187536 /* TimelineUITests.swift */ = {isa = PBXFileReference; lastKnownFileType = sourcecode.swift; path = TimelineUITests.swift; sourceTree = "<group>"; };
		01E3FC461BE92C7700187536 /* Info.plist */ = {isa = PBXFileReference; lastKnownFileType = text.plist.xml; path = Info.plist; sourceTree = "<group>"; };
		7451CCD01C7CF9D300AF6C37 /* TimelineTableViewController.swift */ = {isa = PBXFileReference; fileEncoding = 4; lastKnownFileType = sourcecode.swift; path = TimelineTableViewController.swift; sourceTree = "<group>"; };
		7451CCD21C7CFA7000AF6C37 /* PostDetailTableViewController.swift */ = {isa = PBXFileReference; fileEncoding = 4; lastKnownFileType = sourcecode.swift; path = PostDetailTableViewController.swift; sourceTree = "<group>"; };
		7451CCD41C7CFC7A00AF6C37 /* UserSearchTableViewController.swift */ = {isa = PBXFileReference; fileEncoding = 4; lastKnownFileType = sourcecode.swift; path = UserSearchTableViewController.swift; sourceTree = "<group>"; };
		7451CCD61C7CFEB700AF6C37 /* ProfileViewController.swift */ = {isa = PBXFileReference; fileEncoding = 4; lastKnownFileType = sourcecode.swift; path = ProfileViewController.swift; sourceTree = "<group>"; };
		7451CCD81C7D004F00AF6C37 /* AddPhotoTableViewController.swift */ = {isa = PBXFileReference; fileEncoding = 4; lastKnownFileType = sourcecode.swift; path = AddPhotoTableViewController.swift; sourceTree = "<group>"; };
		7451CCDA1C7D024E00AF6C37 /* LoginSignUpChoiceViewController.swift */ = {isa = PBXFileReference; fileEncoding = 4; lastKnownFileType = sourcecode.swift; path = LoginSignUpChoiceViewController.swift; sourceTree = "<group>"; };
		7451CCDC1C7D033000AF6C37 /* LoginSignUpViewController.swift */ = {isa = PBXFileReference; fileEncoding = 4; lastKnownFileType = sourcecode.swift; path = LoginSignUpViewController.swift; sourceTree = "<group>"; };
		7451CCDE1C7D037300AF6C37 /* User.swift */ = {isa = PBXFileReference; fileEncoding = 4; lastKnownFileType = sourcecode.swift; path = User.swift; sourceTree = "<group>"; };
		7451CCE01C7D059B00AF6C37 /* Comment.swift */ = {isa = PBXFileReference; fileEncoding = 4; lastKnownFileType = sourcecode.swift; path = Comment.swift; sourceTree = "<group>"; };
		7451CCE21C7D070A00AF6C37 /* Like.swift */ = {isa = PBXFileReference; fileEncoding = 4; lastKnownFileType = sourcecode.swift; path = Like.swift; sourceTree = "<group>"; };
		7451CCE41C7D07F200AF6C37 /* Post.swift */ = {isa = PBXFileReference; fileEncoding = 4; lastKnownFileType = sourcecode.swift; path = Post.swift; sourceTree = "<group>"; };
		7451CCE81C7D0A5800AF6C37 /* UserController.swift */ = {isa = PBXFileReference; fileEncoding = 4; lastKnownFileType = sourcecode.swift; path = UserController.swift; sourceTree = "<group>"; };
		7451CCEA1C7D13CE00AF6C37 /* PostController.swift */ = {isa = PBXFileReference; fileEncoding = 4; lastKnownFileType = sourcecode.swift; path = PostController.swift; sourceTree = "<group>"; };
		7451CCEC1C7D19EA00AF6C37 /* ImageController.swift */ = {isa = PBXFileReference; fileEncoding = 4; lastKnownFileType = sourcecode.swift; path = ImageController.swift; sourceTree = "<group>"; };
		7451CD731C7EAAD000AF6C37 /* UserSearchResultsTableViewController.swift */ = {isa = PBXFileReference; fileEncoding = 4; lastKnownFileType = sourcecode.swift; path = UserSearchResultsTableViewController.swift; sourceTree = "<group>"; };
		7451CDED1C7FAA0400AF6C37 /* ProfileHeaderCollectionReusableView.swift */ = {isa = PBXFileReference; fileEncoding = 4; lastKnownFileType = sourcecode.swift; path = ProfileHeaderCollectionReusableView.swift; sourceTree = "<group>"; };
		7451CDEF1C7FBDC300AF6C37 /* ImageCollectionViewCell.swift */ = {isa = PBXFileReference; fileEncoding = 4; lastKnownFileType = sourcecode.swift; path = ImageCollectionViewCell.swift; sourceTree = "<group>"; };
		7451CE2B1C810EA700AF6C37 /* PostTableViewCell.swift */ = {isa = PBXFileReference; fileEncoding = 4; lastKnownFileType = sourcecode.swift; path = PostTableViewCell.swift; sourceTree = "<group>"; };
		7451CEDD1C84F7FA00AF6C37 /* Firebase.framework */ = {isa = PBXFileReference; lastKnownFileType = wrapper.framework; path = Firebase.framework; sourceTree = "<group>"; };
		7451CEE21C84FAAB00AF6C37 /* libicucore.tbd */ = {isa = PBXFileReference; lastKnownFileType = "sourcecode.text-based-dylib-definition"; name = libicucore.tbd; path = usr/lib/libicucore.tbd; sourceTree = SDKROOT; };
		7451CEE41C84FAB200AF6C37 /* CFNetwork.framework */ = {isa = PBXFileReference; lastKnownFileType = wrapper.framework; name = CFNetwork.framework; path = System/Library/Frameworks/CFNetwork.framework; sourceTree = SDKROOT; };
		7451CEE61C84FABB00AF6C37 /* Security.framework */ = {isa = PBXFileReference; lastKnownFileType = wrapper.framework; name = Security.framework; path = System/Library/Frameworks/Security.framework; sourceTree = SDKROOT; };
		7451CEE81C84FAC200AF6C37 /* SystemConfiguration.framework */ = {isa = PBXFileReference; lastKnownFileType = wrapper.framework; name = SystemConfiguration.framework; path = System/Library/Frameworks/SystemConfiguration.framework; sourceTree = SDKROOT; };
		7451CEEA1C84FACD00AF6C37 /* libc++.tbd */ = {isa = PBXFileReference; lastKnownFileType = "sourcecode.text-based-dylib-definition"; name = "libc++.tbd"; path = "usr/lib/libc++.tbd"; sourceTree = SDKROOT; };
		7451CEED1C84FC6D00AF6C37 /* FirebaseController.swift */ = {isa = PBXFileReference; fileEncoding = 4; lastKnownFileType = sourcecode.swift; path = FirebaseController.swift; sourceTree = "<group>"; };
/* End PBXFileReference section */

/* Begin PBXFrameworksBuildPhase section */
		01E3FC1E1BE92C7600187536 /* Frameworks */ = {
			isa = PBXFrameworksBuildPhase;
			buildActionMask = 2147483647;
			files = (
				7451CEEB1C84FACD00AF6C37 /* libc++.tbd in Frameworks */,
				7451CEE91C84FAC200AF6C37 /* SystemConfiguration.framework in Frameworks */,
				7451CEE71C84FABB00AF6C37 /* Security.framework in Frameworks */,
				7451CEE51C84FAB200AF6C37 /* CFNetwork.framework in Frameworks */,
				7451CEE31C84FAAB00AF6C37 /* libicucore.tbd in Frameworks */,
				7451CEDF1C84FA9000AF6C37 /* Firebase.framework in Frameworks */,
			);
			runOnlyForDeploymentPostprocessing = 0;
		};
		01E3FC321BE92C7700187536 /* Frameworks */ = {
			isa = PBXFrameworksBuildPhase;
			buildActionMask = 2147483647;
			files = (
			);
			runOnlyForDeploymentPostprocessing = 0;
		};
		01E3FC3D1BE92C7700187536 /* Frameworks */ = {
			isa = PBXFrameworksBuildPhase;
			buildActionMask = 2147483647;
			files = (
			);
			runOnlyForDeploymentPostprocessing = 0;
		};
/* End PBXFrameworksBuildPhase section */

/* Begin PBXGroup section */
		01E3FC181BE92C7600187536 = {
			isa = PBXGroup;
			children = (
				01E3FC231BE92C7600187536 /* Timeline */,
				01E3FC381BE92C7700187536 /* TimelineTests */,
				01E3FC431BE92C7700187536 /* TimelineUITests */,
				01E3FC221BE92C7600187536 /* Products */,
				7451CEEC1C84FAE900AF6C37 /* Frameworks */,
			);
			sourceTree = "<group>";
		};
		01E3FC221BE92C7600187536 /* Products */ = {
			isa = PBXGroup;
			children = (
				01E3FC211BE92C7600187536 /* Timeline.app */,
				01E3FC351BE92C7700187536 /* TimelineTests.xctest */,
				01E3FC401BE92C7700187536 /* TimelineUITests.xctest */,
			);
			name = Products;
			sourceTree = "<group>";
		};
		01E3FC231BE92C7600187536 /* Timeline */ = {
			isa = PBXGroup;
			children = (
				01E3FC241BE92C7600187536 /* AppDelegate.swift */,
				01E3FC281BE92C7600187536 /* Main.storyboard */,
				7451CCE61C7D09ED00AF6C37 /* Model Objects */,
				7451CCEE1C7D1D3900AF6C37 /* Model Controllers */,
				7451CCE71C7D09FE00AF6C37 /* View Controllers */,
				01E3FC2B1BE92C7600187536 /* Assets.xcassets */,
				01E3FC2D1BE92C7600187536 /* LaunchScreen.storyboard */,
				01E3FC301BE92C7600187536 /* Info.plist */,
			);
			path = Timeline;
			sourceTree = "<group>";
		};
		01E3FC381BE92C7700187536 /* TimelineTests */ = {
			isa = PBXGroup;
			children = (
				01E3FC391BE92C7700187536 /* TimelineTests.swift */,
				01E3FC3B1BE92C7700187536 /* Info.plist */,
			);
			path = TimelineTests;
			sourceTree = "<group>";
		};
		01E3FC431BE92C7700187536 /* TimelineUITests */ = {
			isa = PBXGroup;
			children = (
				01E3FC441BE92C7700187536 /* TimelineUITests.swift */,
				01E3FC461BE92C7700187536 /* Info.plist */,
			);
			path = TimelineUITests;
			sourceTree = "<group>";
		};
		7451CCE61C7D09ED00AF6C37 /* Model Objects */ = {
			isa = PBXGroup;
			children = (
				7451CCDE1C7D037300AF6C37 /* User.swift */,
				7451CCE01C7D059B00AF6C37 /* Comment.swift */,
				7451CCE21C7D070A00AF6C37 /* Like.swift */,
				7451CCE41C7D07F200AF6C37 /* Post.swift */,
			);
			name = "Model Objects";
			sourceTree = "<group>";
		};
		7451CCE71C7D09FE00AF6C37 /* View Controllers */ = {
			isa = PBXGroup;
			children = (
				7451CDEF1C7FBDC300AF6C37 /* ImageCollectionViewCell.swift */,
				7451CDED1C7FAA0400AF6C37 /* ProfileHeaderCollectionReusableView.swift */,
				7451CCDC1C7D033000AF6C37 /* LoginSignUpViewController.swift */,
				7451CCDA1C7D024E00AF6C37 /* LoginSignUpChoiceViewController.swift */,
				7451CCD81C7D004F00AF6C37 /* AddPhotoTableViewController.swift */,
				7451CCD61C7CFEB700AF6C37 /* ProfileViewController.swift */,
				7451CCD41C7CFC7A00AF6C37 /* UserSearchTableViewController.swift */,
				7451CD731C7EAAD000AF6C37 /* UserSearchResultsTableViewController.swift */,
				7451CCD21C7CFA7000AF6C37 /* PostDetailTableViewController.swift */,
				7451CE2B1C810EA700AF6C37 /* PostTableViewCell.swift */,
				7451CCD01C7CF9D300AF6C37 /* TimelineTableViewController.swift */,
			);
			name = "View Controllers";
			sourceTree = "<group>";
		};
		7451CCEE1C7D1D3900AF6C37 /* Model Controllers */ = {
			isa = PBXGroup;
			children = (
				7451CCE81C7D0A5800AF6C37 /* UserController.swift */,
				7451CCEA1C7D13CE00AF6C37 /* PostController.swift */,
				7451CCEC1C7D19EA00AF6C37 /* ImageController.swift */,
				7451CEED1C84FC6D00AF6C37 /* FirebaseController.swift */,
			);
			name = "Model Controllers";
			sourceTree = "<group>";
		};
		7451CEEC1C84FAE900AF6C37 /* Frameworks */ = {
			isa = PBXGroup;
			children = (
				7451CEEA1C84FACD00AF6C37 /* libc++.tbd */,
				7451CEE81C84FAC200AF6C37 /* SystemConfiguration.framework */,
				7451CEE61C84FABB00AF6C37 /* Security.framework */,
				7451CEE41C84FAB200AF6C37 /* CFNetwork.framework */,
				7451CEE21C84FAAB00AF6C37 /* libicucore.tbd */,
				7451CEDD1C84F7FA00AF6C37 /* Firebase.framework */,
			);
			name = Frameworks;
			sourceTree = "<group>";
		};
/* End PBXGroup section */

/* Begin PBXNativeTarget section */
		01E3FC201BE92C7600187536 /* Timeline */ = {
			isa = PBXNativeTarget;
			buildConfigurationList = 01E3FC491BE92C7700187536 /* Build configuration list for PBXNativeTarget "Timeline" */;
			buildPhases = (
				01E3FC1D1BE92C7600187536 /* Sources */,
				01E3FC1E1BE92C7600187536 /* Frameworks */,
				01E3FC1F1BE92C7600187536 /* Resources */,
				7451CEE11C84FA9000AF6C37 /* Embed Frameworks */,
			);
			buildRules = (
			);
			dependencies = (
			);
			name = Timeline;
			productName = Timeline;
			productReference = 01E3FC211BE92C7600187536 /* Timeline.app */;
			productType = "com.apple.product-type.application";
		};
		01E3FC341BE92C7700187536 /* TimelineTests */ = {
			isa = PBXNativeTarget;
			buildConfigurationList = 01E3FC4C1BE92C7700187536 /* Build configuration list for PBXNativeTarget "TimelineTests" */;
			buildPhases = (
				01E3FC311BE92C7700187536 /* Sources */,
				01E3FC321BE92C7700187536 /* Frameworks */,
				01E3FC331BE92C7700187536 /* Resources */,
			);
			buildRules = (
			);
			dependencies = (
				01E3FC371BE92C7700187536 /* PBXTargetDependency */,
			);
			name = TimelineTests;
			productName = TimelineTests;
			productReference = 01E3FC351BE92C7700187536 /* TimelineTests.xctest */;
			productType = "com.apple.product-type.bundle.unit-test";
		};
		01E3FC3F1BE92C7700187536 /* TimelineUITests */ = {
			isa = PBXNativeTarget;
			buildConfigurationList = 01E3FC4F1BE92C7700187536 /* Build configuration list for PBXNativeTarget "TimelineUITests" */;
			buildPhases = (
				01E3FC3C1BE92C7700187536 /* Sources */,
				01E3FC3D1BE92C7700187536 /* Frameworks */,
				01E3FC3E1BE92C7700187536 /* Resources */,
			);
			buildRules = (
			);
			dependencies = (
				01E3FC421BE92C7700187536 /* PBXTargetDependency */,
			);
			name = TimelineUITests;
			productName = TimelineUITests;
			productReference = 01E3FC401BE92C7700187536 /* TimelineUITests.xctest */;
			productType = "com.apple.product-type.bundle.ui-testing";
		};
/* End PBXNativeTarget section */

/* Begin PBXProject section */
		01E3FC191BE92C7600187536 /* Project object */ = {
			isa = PBXProject;
			attributes = {
				LastSwiftUpdateCheck = 0710;
				LastUpgradeCheck = 0710;
				ORGANIZATIONNAME = DevMountain;
				TargetAttributes = {
					01E3FC201BE92C7600187536 = {
						CreatedOnToolsVersion = 7.1;
						DevelopmentTeam = GS7HTR2SE8;
					};
					01E3FC341BE92C7700187536 = {
						CreatedOnToolsVersion = 7.1;
						TestTargetID = 01E3FC201BE92C7600187536;
					};
					01E3FC3F1BE92C7700187536 = {
						CreatedOnToolsVersion = 7.1;
						TestTargetID = 01E3FC201BE92C7600187536;
					};
				};
			};
			buildConfigurationList = 01E3FC1C1BE92C7600187536 /* Build configuration list for PBXProject "Timeline" */;
			compatibilityVersion = "Xcode 3.2";
			developmentRegion = English;
			hasScannedForEncodings = 0;
			knownRegions = (
				en,
				Base,
			);
			mainGroup = 01E3FC181BE92C7600187536;
			productRefGroup = 01E3FC221BE92C7600187536 /* Products */;
			projectDirPath = "";
			projectRoot = "";
			targets = (
				01E3FC201BE92C7600187536 /* Timeline */,
				01E3FC341BE92C7700187536 /* TimelineTests */,
				01E3FC3F1BE92C7700187536 /* TimelineUITests */,
			);
		};
/* End PBXProject section */

/* Begin PBXResourcesBuildPhase section */
		01E3FC1F1BE92C7600187536 /* Resources */ = {
			isa = PBXResourcesBuildPhase;
			buildActionMask = 2147483647;
			files = (
				01E3FC2F1BE92C7600187536 /* LaunchScreen.storyboard in Resources */,
				01E3FC2C1BE92C7600187536 /* Assets.xcassets in Resources */,
				01E3FC2A1BE92C7600187536 /* Main.storyboard in Resources */,
			);
			runOnlyForDeploymentPostprocessing = 0;
		};
		01E3FC331BE92C7700187536 /* Resources */ = {
			isa = PBXResourcesBuildPhase;
			buildActionMask = 2147483647;
			files = (
			);
			runOnlyForDeploymentPostprocessing = 0;
		};
		01E3FC3E1BE92C7700187536 /* Resources */ = {
			isa = PBXResourcesBuildPhase;
			buildActionMask = 2147483647;
			files = (
			);
			runOnlyForDeploymentPostprocessing = 0;
		};
/* End PBXResourcesBuildPhase section */

/* Begin PBXSourcesBuildPhase section */
		01E3FC1D1BE92C7600187536 /* Sources */ = {
			isa = PBXSourcesBuildPhase;
			buildActionMask = 2147483647;
			files = (
				7451CEEE1C84FC6D00AF6C37 /* FirebaseController.swift in Sources */,
				7451CCDD1C7D033000AF6C37 /* LoginSignUpViewController.swift in Sources */,
				7451CCD91C7D004F00AF6C37 /* AddPhotoTableViewController.swift in Sources */,
				7451CCD11C7CF9D300AF6C37 /* TimelineTableViewController.swift in Sources */,
				7451CD741C7EAAD000AF6C37 /* UserSearchResultsTableViewController.swift in Sources */,
				7451CCE51C7D07F200AF6C37 /* Post.swift in Sources */,
				7451CE2C1C810EA700AF6C37 /* PostTableViewCell.swift in Sources */,
				01E3FC251BE92C7600187536 /* AppDelegate.swift in Sources */,
				7451CDF01C7FBDC300AF6C37 /* ImageCollectionViewCell.swift in Sources */,
				7451CCED1C7D19EA00AF6C37 /* ImageController.swift in Sources */,
				7451CCE91C7D0A5800AF6C37 /* UserController.swift in Sources */,
				7451CDEE1C7FAA0400AF6C37 /* ProfileHeaderCollectionReusableView.swift in Sources */,
				7451CCD71C7CFEB700AF6C37 /* ProfileViewController.swift in Sources */,
				7451CCE11C7D059B00AF6C37 /* Comment.swift in Sources */,
				7451CCDF1C7D037300AF6C37 /* User.swift in Sources */,
				7451CCD51C7CFC7A00AF6C37 /* UserSearchTableViewController.swift in Sources */,
				7451CCE31C7D070A00AF6C37 /* Like.swift in Sources */,
				7451CCEB1C7D13CE00AF6C37 /* PostController.swift in Sources */,
				7451CCDB1C7D024E00AF6C37 /* LoginSignUpChoiceViewController.swift in Sources */,
				7451CCD31C7CFA7000AF6C37 /* PostDetailTableViewController.swift in Sources */,
			);
			runOnlyForDeploymentPostprocessing = 0;
		};
		01E3FC311BE92C7700187536 /* Sources */ = {
			isa = PBXSourcesBuildPhase;
			buildActionMask = 2147483647;
			files = (
				01E3FC3A1BE92C7700187536 /* TimelineTests.swift in Sources */,
			);
			runOnlyForDeploymentPostprocessing = 0;
		};
		01E3FC3C1BE92C7700187536 /* Sources */ = {
			isa = PBXSourcesBuildPhase;
			buildActionMask = 2147483647;
			files = (
				01E3FC451BE92C7700187536 /* TimelineUITests.swift in Sources */,
			);
			runOnlyForDeploymentPostprocessing = 0;
		};
/* End PBXSourcesBuildPhase section */

/* Begin PBXTargetDependency section */
		01E3FC371BE92C7700187536 /* PBXTargetDependency */ = {
			isa = PBXTargetDependency;
			target = 01E3FC201BE92C7600187536 /* Timeline */;
			targetProxy = 01E3FC361BE92C7700187536 /* PBXContainerItemProxy */;
		};
		01E3FC421BE92C7700187536 /* PBXTargetDependency */ = {
			isa = PBXTargetDependency;
			target = 01E3FC201BE92C7600187536 /* Timeline */;
			targetProxy = 01E3FC411BE92C7700187536 /* PBXContainerItemProxy */;
		};
/* End PBXTargetDependency section */

/* Begin PBXVariantGroup section */
		01E3FC281BE92C7600187536 /* Main.storyboard */ = {
			isa = PBXVariantGroup;
			children = (
				01E3FC291BE92C7600187536 /* Base */,
			);
			name = Main.storyboard;
			sourceTree = "<group>";
		};
		01E3FC2D1BE92C7600187536 /* LaunchScreen.storyboard */ = {
			isa = PBXVariantGroup;
			children = (
				01E3FC2E1BE92C7600187536 /* Base */,
			);
			name = LaunchScreen.storyboard;
			sourceTree = "<group>";
		};
/* End PBXVariantGroup section */

/* Begin XCBuildConfiguration section */
		01E3FC471BE92C7700187536 /* Debug */ = {
			isa = XCBuildConfiguration;
			buildSettings = {
				ALWAYS_SEARCH_USER_PATHS = NO;
				CLANG_CXX_LANGUAGE_STANDARD = "gnu++0x";
				CLANG_CXX_LIBRARY = "libc++";
				CLANG_ENABLE_MODULES = YES;
				CLANG_ENABLE_OBJC_ARC = YES;
				CLANG_WARN_BOOL_CONVERSION = YES;
				CLANG_WARN_CONSTANT_CONVERSION = YES;
				CLANG_WARN_DIRECT_OBJC_ISA_USAGE = YES_ERROR;
				CLANG_WARN_EMPTY_BODY = YES;
				CLANG_WARN_ENUM_CONVERSION = YES;
				CLANG_WARN_INT_CONVERSION = YES;
				CLANG_WARN_OBJC_ROOT_CLASS = YES_ERROR;
				CLANG_WARN_UNREACHABLE_CODE = YES;
				CLANG_WARN__DUPLICATE_METHOD_MATCH = YES;
				"CODE_SIGN_IDENTITY[sdk=iphoneos*]" = "iPhone Developer";
				COPY_PHASE_STRIP = NO;
				DEBUG_INFORMATION_FORMAT = dwarf;
				ENABLE_STRICT_OBJC_MSGSEND = YES;
				ENABLE_TESTABILITY = YES;
				GCC_C_LANGUAGE_STANDARD = gnu99;
				GCC_DYNAMIC_NO_PIC = NO;
				GCC_NO_COMMON_BLOCKS = YES;
				GCC_OPTIMIZATION_LEVEL = 0;
				GCC_PREPROCESSOR_DEFINITIONS = (
					"DEBUG=1",
					"$(inherited)",
				);
				GCC_WARN_64_TO_32_BIT_CONVERSION = YES;
				GCC_WARN_ABOUT_RETURN_TYPE = YES_ERROR;
				GCC_WARN_UNDECLARED_SELECTOR = YES;
				GCC_WARN_UNINITIALIZED_AUTOS = YES_AGGRESSIVE;
				GCC_WARN_UNUSED_FUNCTION = YES;
				GCC_WARN_UNUSED_VARIABLE = YES;
				IPHONEOS_DEPLOYMENT_TARGET = 9.1;
				MTL_ENABLE_DEBUG_INFO = YES;
				ONLY_ACTIVE_ARCH = YES;
				SDKROOT = iphoneos;
				SWIFT_OPTIMIZATION_LEVEL = "-Onone";
			};
			name = Debug;
		};
		01E3FC481BE92C7700187536 /* Release */ = {
			isa = XCBuildConfiguration;
			buildSettings = {
				ALWAYS_SEARCH_USER_PATHS = NO;
				CLANG_CXX_LANGUAGE_STANDARD = "gnu++0x";
				CLANG_CXX_LIBRARY = "libc++";
				CLANG_ENABLE_MODULES = YES;
				CLANG_ENABLE_OBJC_ARC = YES;
				CLANG_WARN_BOOL_CONVERSION = YES;
				CLANG_WARN_CONSTANT_CONVERSION = YES;
				CLANG_WARN_DIRECT_OBJC_ISA_USAGE = YES_ERROR;
				CLANG_WARN_EMPTY_BODY = YES;
				CLANG_WARN_ENUM_CONVERSION = YES;
				CLANG_WARN_INT_CONVERSION = YES;
				CLANG_WARN_OBJC_ROOT_CLASS = YES_ERROR;
				CLANG_WARN_UNREACHABLE_CODE = YES;
				CLANG_WARN__DUPLICATE_METHOD_MATCH = YES;
				"CODE_SIGN_IDENTITY[sdk=iphoneos*]" = "iPhone Developer";
				COPY_PHASE_STRIP = NO;
				DEBUG_INFORMATION_FORMAT = "dwarf-with-dsym";
				ENABLE_NS_ASSERTIONS = NO;
				ENABLE_STRICT_OBJC_MSGSEND = YES;
				GCC_C_LANGUAGE_STANDARD = gnu99;
				GCC_NO_COMMON_BLOCKS = YES;
				GCC_WARN_64_TO_32_BIT_CONVERSION = YES;
				GCC_WARN_ABOUT_RETURN_TYPE = YES_ERROR;
				GCC_WARN_UNDECLARED_SELECTOR = YES;
				GCC_WARN_UNINITIALIZED_AUTOS = YES_AGGRESSIVE;
				GCC_WARN_UNUSED_FUNCTION = YES;
				GCC_WARN_UNUSED_VARIABLE = YES;
				IPHONEOS_DEPLOYMENT_TARGET = 9.1;
				MTL_ENABLE_DEBUG_INFO = NO;
				SDKROOT = iphoneos;
				VALIDATE_PRODUCT = YES;
			};
			name = Release;
		};
		01E3FC4A1BE92C7700187536 /* Debug */ = {
			isa = XCBuildConfiguration;
			buildSettings = {
				ASSETCATALOG_COMPILER_APPICON_NAME = AppIcon;
				CODE_SIGN_IDENTITY = "iPhone Developer";
				"CODE_SIGN_IDENTITY[sdk=iphoneos*]" = "iPhone Developer";
				FRAMEWORK_SEARCH_PATHS = (
					"$(inherited)",
					"$(PROJECT_DIR)",
				);
				INFOPLIST_FILE = Timeline/Info.plist;
				LD_RUNPATH_SEARCH_PATHS = "$(inherited) @executable_path/Frameworks";
				PRODUCT_BUNDLE_IDENTIFIER = com.CameronMoss.Timeline;
				PRODUCT_NAME = "$(TARGET_NAME)";
				PROVISIONING_PROFILE = "";
			};
			name = Debug;
		};
		01E3FC4B1BE92C7700187536 /* Release */ = {
			isa = XCBuildConfiguration;
			buildSettings = {
				ASSETCATALOG_COMPILER_APPICON_NAME = AppIcon;
				CODE_SIGN_IDENTITY = "iPhone Developer";
				"CODE_SIGN_IDENTITY[sdk=iphoneos*]" = "iPhone Developer";
				FRAMEWORK_SEARCH_PATHS = (
					"$(inherited)",
					"$(PROJECT_DIR)",
				);
				INFOPLIST_FILE = Timeline/Info.plist;
				LD_RUNPATH_SEARCH_PATHS = "$(inherited) @executable_path/Frameworks";
				PRODUCT_BUNDLE_IDENTIFIER = com.CameronMoss.Timeline;
				PRODUCT_NAME = "$(TARGET_NAME)";
				PROVISIONING_PROFILE = "";
			};
			name = Release;
		};
		01E3FC4D1BE92C7700187536 /* Debug */ = {
			isa = XCBuildConfiguration;
			buildSettings = {
				BUNDLE_LOADER = "$(TEST_HOST)";
				INFOPLIST_FILE = TimelineTests/Info.plist;
				LD_RUNPATH_SEARCH_PATHS = "$(inherited) @executable_path/Frameworks @loader_path/Frameworks";
				PRODUCT_BUNDLE_IDENTIFIER = in.devmounta.TimelineTests;
				PRODUCT_NAME = "$(TARGET_NAME)";
				TEST_HOST = "$(BUILT_PRODUCTS_DIR)/Timeline.app/Timeline";
			};
			name = Debug;
		};
		01E3FC4E1BE92C7700187536 /* Release */ = {
			isa = XCBuildConfiguration;
			buildSettings = {
				BUNDLE_LOADER = "$(TEST_HOST)";
				INFOPLIST_FILE = TimelineTests/Info.plist;
				LD_RUNPATH_SEARCH_PATHS = "$(inherited) @executable_path/Frameworks @loader_path/Frameworks";
				PRODUCT_BUNDLE_IDENTIFIER = in.devmounta.TimelineTests;
				PRODUCT_NAME = "$(TARGET_NAME)";
				TEST_HOST = "$(BUILT_PRODUCTS_DIR)/Timeline.app/Timeline";
			};
			name = Release;
		};
		01E3FC501BE92C7700187536 /* Debug */ = {
			isa = XCBuildConfiguration;
			buildSettings = {
				INFOPLIST_FILE = TimelineUITests/Info.plist;
				LD_RUNPATH_SEARCH_PATHS = "$(inherited) @executable_path/Frameworks @loader_path/Frameworks";
				PRODUCT_BUNDLE_IDENTIFIER = in.devmounta.TimelineUITests;
				PRODUCT_NAME = "$(TARGET_NAME)";
				TEST_TARGET_NAME = Timeline;
				USES_XCTRUNNER = YES;
			};
			name = Debug;
		};
		01E3FC511BE92C7700187536 /* Release */ = {
			isa = XCBuildConfiguration;
			buildSettings = {
				INFOPLIST_FILE = TimelineUITests/Info.plist;
				LD_RUNPATH_SEARCH_PATHS = "$(inherited) @executable_path/Frameworks @loader_path/Frameworks";
				PRODUCT_BUNDLE_IDENTIFIER = in.devmounta.TimelineUITests;
				PRODUCT_NAME = "$(TARGET_NAME)";
				TEST_TARGET_NAME = Timeline;
				USES_XCTRUNNER = YES;
			};
			name = Release;
		};
/* End XCBuildConfiguration section */

/* Begin XCConfigurationList section */
		01E3FC1C1BE92C7600187536 /* Build configuration list for PBXProject "Timeline" */ = {
			isa = XCConfigurationList;
			buildConfigurations = (
				01E3FC471BE92C7700187536 /* Debug */,
				01E3FC481BE92C7700187536 /* Release */,
			);
			defaultConfigurationIsVisible = 0;
			defaultConfigurationName = Release;
		};
		01E3FC491BE92C7700187536 /* Build configuration list for PBXNativeTarget "Timeline" */ = {
			isa = XCConfigurationList;
			buildConfigurations = (
				01E3FC4A1BE92C7700187536 /* Debug */,
				01E3FC4B1BE92C7700187536 /* Release */,
			);
			defaultConfigurationIsVisible = 0;
			defaultConfigurationName = Release;
		};
		01E3FC4C1BE92C7700187536 /* Build configuration list for PBXNativeTarget "TimelineTests" */ = {
			isa = XCConfigurationList;
			buildConfigurations = (
				01E3FC4D1BE92C7700187536 /* Debug */,
				01E3FC4E1BE92C7700187536 /* Release */,
			);
			defaultConfigurationIsVisible = 0;
			defaultConfigurationName = Release;
		};
		01E3FC4F1BE92C7700187536 /* Build configuration list for PBXNativeTarget "TimelineUITests" */ = {
			isa = XCConfigurationList;
			buildConfigurations = (
				01E3FC501BE92C7700187536 /* Debug */,
				01E3FC511BE92C7700187536 /* Release */,
			);
			defaultConfigurationIsVisible = 0;
			defaultConfigurationName = Release;
		};
/* End XCConfigurationList section */
	};
	rootObject = 01E3FC191BE92C7600187536 /* Project object */;
}
